
Microsoft Visual Studio Solution File, Format Version 12.00
# Visual Studio Version 17
VisualStudioVersion = 17.2.32616.157
MinimumVisualStudioVersion = 10.0.40219.1
Project("{2150E333-8FDC-42A3-9474-1A3956D46DE8}") = "src", "src", "{383CCFE7-D4F7-4909-ADE4-86C2B91DF379}"
EndProject
Project("{2150E333-8FDC-42A3-9474-1A3956D46DE8}") = "build", "build", "{08611FA9-33A4-42C7-94F5-E0C7C974672C}"
	ProjectSection(SolutionItems) = preProject
		build\azure-pipelines-dev.yml = build\azure-pipelines-dev.yml
		build\azure-pipelines-main.yml = build\azure-pipelines-main.yml
	EndProjectSection
EndProject
Project("{2150E333-8FDC-42A3-9474-1A3956D46DE8}") = "misc", "misc", "{B1EF8DCE-7505-4B10-8A10-4594D79A93D8}"
	ProjectSection(SolutionItems) = preProject
		misc\changelog.txt = misc\changelog.txt
		misc\todo.txt = misc\todo.txt
	EndProjectSection
EndProject
Project("{2150E333-8FDC-42A3-9474-1A3956D46DE8}") = "nuget", "nuget", "{513AEFE3-D5EF-4F45-91DA-6C5462395463}"
	ProjectSection(SolutionItems) = preProject
		nuget\TauCode.Cqrs.Abstractions.nuspec = nuget\TauCode.Cqrs.Abstractions.nuspec
	EndProjectSection
EndProject
Project("{2150E333-8FDC-42A3-9474-1A3956D46DE8}") = "test", "test", "{6B639890-A297-4282-A91A-8D5B0C46D021}"
EndProject
Project("{9A19103F-16F7-4668-BE54-9A1E7A4F7556}") = "TauCode.Cqrs.Abstractions", "src\TauCode.Cqrs.Abstractions\TauCode.Cqrs.Abstractions.csproj", "{05053A67-B056-4137-A971-A49104FB364A}"
EndProject
Project("{9A19103F-16F7-4668-BE54-9A1E7A4F7556}") = "TauCode.Cqrs.Abstractions.Tests", "test\TauCode.Cqrs.Abstractions.Tests\TauCode.Cqrs.Abstractions.Tests.csproj", "{BA966A11-72F5-4EDA-A429-6743AD75A56D}"
EndProject
Global
	GlobalSection(SolutionConfigurationPlatforms) = preSolution
		Debug|Any CPU = Debug|Any CPU
		Release|Any CPU = Release|Any CPU
	EndGlobalSection
	GlobalSection(ProjectConfigurationPlatforms) = postSolution
		{05053A67-B056-4137-A971-A49104FB364A}.Debug|Any CPU.ActiveCfg = Debug|Any CPU
		{05053A67-B056-4137-A971-A49104FB364A}.Debug|Any CPU.Build.0 = Debug|Any CPU
		{05053A67-B056-4137-A971-A49104FB364A}.Release|Any CPU.ActiveCfg = Release|Any CPU
		{05053A67-B056-4137-A971-A49104FB364A}.Release|Any CPU.Build.0 = Release|Any CPU
		{BA966A11-72F5-4EDA-A429-6743AD75A56D}.Debug|Any CPU.ActiveCfg = Debug|Any CPU
		{BA966A11-72F5-4EDA-A429-6743AD75A56D}.Debug|Any CPU.Build.0 = Debug|Any CPU
		{BA966A11-72F5-4EDA-A429-6743AD75A56D}.Release|Any CPU.ActiveCfg = Release|Any CPU
		{BA966A11-72F5-4EDA-A429-6743AD75A56D}.Release|Any CPU.Build.0 = Release|Any CPU
	EndGlobalSection
	GlobalSection(SolutionProperties) = preSolution
		HideSolutionNode = FALSE
	EndGlobalSection
	GlobalSection(NestedProjects) = preSolution
		{05053A67-B056-4137-A971-A49104FB364A} = {383CCFE7-D4F7-4909-ADE4-86C2B91DF379}
		{BA966A11-72F5-4EDA-A429-6743AD75A56D} = {6B639890-A297-4282-A91A-8D5B0C46D021}
	EndGlobalSection
	GlobalSection(ExtensibilityGlobals) = postSolution
		SolutionGuid = {B9C57DBA-0460-41C1-A5C6-2E2B0C3D2B5F}
	EndGlobalSection
EndGlobal
